// !$*UTF8*$!
{
	archiveVersion = 1;
	classes = {
	};
	objectVersion = 46;
	objects = {

/* Begin PBXBuildFile section */
		531F7FBC1F344484006C92B5 /* main.m in Sources */ = {isa = PBXBuildFile; fileRef = 531F7FBB1F344484006C92B5 /* main.m */; };
		531F7FBF1F344484006C92B5 /* AppDelegate.m in Sources */ = {isa = PBXBuildFile; fileRef = 531F7FBE1F344484006C92B5 /* AppDelegate.m */; };
		531F7FC21F344484006C92B5 /* ViewController.m in Sources */ = {isa = PBXBuildFile; fileRef = 531F7FC11F344484006C92B5 /* ViewController.m */; };
		531F7FC51F344484006C92B5 /* Main.storyboard in Resources */ = {isa = PBXBuildFile; fileRef = 531F7FC31F344484006C92B5 /* Main.storyboard */; };
		531F7FC71F344484006C92B5 /* Assets.xcassets in Resources */ = {isa = PBXBuildFile; fileRef = 531F7FC61F344484006C92B5 /* Assets.xcassets */; };
		531F7FCA1F344484006C92B5 /* LaunchScreen.storyboard in Resources */ = {isa = PBXBuildFile; fileRef = 531F7FC81F344484006C92B5 /* LaunchScreen.storyboard */; };
		537528171F3444BC00016B9D /* MASCompositeConstraint.m in Sources */ = {isa = PBXBuildFile; fileRef = 537527FA1F3444BC00016B9D /* MASCompositeConstraint.m */; };
		537528181F3444BC00016B9D /* MASConstraint.m in Sources */ = {isa = PBXBuildFile; fileRef = 537527FD1F3444BC00016B9D /* MASConstraint.m */; };
		537528191F3444BC00016B9D /* MASConstraintMaker.m in Sources */ = {isa = PBXBuildFile; fileRef = 537527FF1F3444BC00016B9D /* MASConstraintMaker.m */; };
		5375281A1F3444BC00016B9D /* MASLayoutConstraint.m in Sources */ = {isa = PBXBuildFile; fileRef = 537528011F3444BC00016B9D /* MASLayoutConstraint.m */; };
		5375281B1F3444BC00016B9D /* MASViewAttribute.m in Sources */ = {isa = PBXBuildFile; fileRef = 537528051F3444BC00016B9D /* MASViewAttribute.m */; };
		5375281C1F3444BC00016B9D /* MASViewConstraint.m in Sources */ = {isa = PBXBuildFile; fileRef = 537528071F3444BC00016B9D /* MASViewConstraint.m */; };
		5375281D1F3444BC00016B9D /* NSArray+MASAdditions.m in Sources */ = {isa = PBXBuildFile; fileRef = 537528091F3444BC00016B9D /* NSArray+MASAdditions.m */; };
		5375281E1F3444BC00016B9D /* NSLayoutConstraint+MASDebugAdditions.m in Sources */ = {isa = PBXBuildFile; fileRef = 5375280C1F3444BC00016B9D /* NSLayoutConstraint+MASDebugAdditions.m */; };
		5375281F1F3444BC00016B9D /* View+MASAdditions.m in Sources */ = {isa = PBXBuildFile; fileRef = 5375280E1F3444BC00016B9D /* View+MASAdditions.m */; };
		537528201F3444BC00016B9D /* ViewController+MASAdditions.m in Sources */ = {isa = PBXBuildFile; fileRef = 537528111F3444BC00016B9D /* ViewController+MASAdditions.m */; };
		537528211F3444BC00016B9D /* register_guide_video.mp4 in Resources */ = {isa = PBXBuildFile; fileRef = 537528131F3444BC00016B9D /* register_guide_video.mp4 */; };
		537528221F3444BC00016B9D /* UIScrollView+response.m in Sources */ = {isa = PBXBuildFile; fileRef = 537528161F3444BC00016B9D /* UIScrollView+response.m */; };
/* End PBXBuildFile section */

/* Begin PBXFileReference section */
		531F7FB71F344484006C92B5 /* QQLoginDemo.app */ = {isa = PBXFileReference; explicitFileType = wrapper.application; includeInIndex = 0; path = QQLoginDemo.app; sourceTree = BUILT_PRODUCTS_DIR; };
		531F7FBB1F344484006C92B5 /* main.m */ = {isa = PBXFileReference; lastKnownFileType = sourcecode.c.objc; path = main.m; sourceTree = "<group>"; };
		531F7FBD1F344484006C92B5 /* AppDelegate.h */ = {isa = PBXFileReference; lastKnownFileType = sourcecode.c.h; path = AppDelegate.h; sourceTree = "<group>"; };
		531F7FBE1F344484006C92B5 /* AppDelegate.m */ = {isa = PBXFileReference; lastKnownFileType = sourcecode.c.objc; path = AppDelegate.m; sourceTree = "<group>"; };
		531F7FC01F344484006C92B5 /* ViewController.h */ = {isa = PBXFileReference; lastKnownFileType = sourcecode.c.h; path = ViewController.h; sourceTree = "<group>"; };
		531F7FC11F344484006C92B5 /* ViewController.m */ = {isa = PBXFileReference; lastKnownFileType = sourcecode.c.objc; path = ViewController.m; sourceTree = "<group>"; };
		531F7FC41F344484006C92B5 /* Base */ = {isa = PBXFileReference; lastKnownFileType = file.storyboard; name = Base; path = Base.lproj/Main.storyboard; sourceTree = "<group>"; };
		531F7FC61F344484006C92B5 /* Assets.xcassets */ = {isa = PBXFileReference; lastKnownFileType = folder.assetcatalog; path = Assets.xcassets; sourceTree = "<group>"; };
		531F7FC91F344484006C92B5 /* Base */ = {isa = PBXFileReference; lastKnownFileType = file.storyboard; name = Base; path = Base.lproj/LaunchScreen.storyboard; sourceTree = "<group>"; };
		531F7FCB1F344484006C92B5 /* Info.plist */ = {isa = PBXFileReference; lastKnownFileType = text.plist.xml; path = Info.plist; sourceTree = "<group>"; };
		537527F91F3444BC00016B9D /* MASCompositeConstraint.h */ = {isa = PBXFileReference; fileEncoding = 4; lastKnownFileType = sourcecode.c.h; path = MASCompositeConstraint.h; sourceTree = "<group>"; };
		537527FA1F3444BC00016B9D /* MASCompositeConstraint.m */ = {isa = PBXFileReference; fileEncoding = 4; lastKnownFileType = sourcecode.c.objc; path = MASCompositeConstraint.m; sourceTree = "<group>"; };
		537527FB1F3444BC00016B9D /* MASConstraint+Private.h */ = {isa = PBXFileReference; fileEncoding = 4; lastKnownFileType = sourcecode.c.h; path = "MASConstraint+Private.h"; sourceTree = "<group>"; };
		537527FC1F3444BC00016B9D /* MASConstraint.h */ = {isa = PBXFileReference; fileEncoding = 4; lastKnownFileType = sourcecode.c.h; path = MASConstraint.h; sourceTree = "<group>"; };
		537527FD1F3444BC00016B9D /* MASConstraint.m */ = {isa = PBXFileReference; fileEncoding = 4; lastKnownFileType = sourcecode.c.objc; path = MASConstraint.m; sourceTree = "<group>"; };
		537527FE1F3444BC00016B9D /* MASConstraintMaker.h */ = {isa = PBXFileReference; fileEncoding = 4; lastKnownFileType = sourcecode.c.h; path = MASConstraintMaker.h; sourceTree = "<group>"; };
		537527FF1F3444BC00016B9D /* MASConstraintMaker.m */ = {isa = PBXFileReference; fileEncoding = 4; lastKnownFileType = sourcecode.c.objc; path = MASConstraintMaker.m; sourceTree = "<group>"; };
		537528001F3444BC00016B9D /* MASLayoutConstraint.h */ = {isa = PBXFileReference; fileEncoding = 4; lastKnownFileType = sourcecode.c.h; path = MASLayoutConstraint.h; sourceTree = "<group>"; };
		537528011F3444BC00016B9D /* MASLayoutConstraint.m */ = {isa = PBXFileReference; fileEncoding = 4; lastKnownFileType = sourcecode.c.objc; path = MASLayoutConstraint.m; sourceTree = "<group>"; };
		537528021F3444BC00016B9D /* Masonry.h */ = {isa = PBXFileReference; fileEncoding = 4; lastKnownFileType = sourcecode.c.h; path = Masonry.h; sourceTree = "<group>"; };
		537528031F3444BC00016B9D /* MASUtilities.h */ = {isa = PBXFileReference; fileEncoding = 4; lastKnownFileType = sourcecode.c.h; path = MASUtilities.h; sourceTree = "<group>"; };
		537528041F3444BC00016B9D /* MASViewAttribute.h */ = {isa = PBXFileReference; fileEncoding = 4; lastKnownFileType = sourcecode.c.h; path = MASViewAttribute.h; sourceTree = "<group>"; };
		537528051F3444BC00016B9D /* MASViewAttribute.m */ = {isa = PBXFileReference; fileEncoding = 4; lastKnownFileType = sourcecode.c.objc; path = MASViewAttribute.m; sourceTree = "<group>"; };
		537528061F3444BC00016B9D /* MASViewConstraint.h */ = {isa = PBXFileReference; fileEncoding = 4; lastKnownFileType = sourcecode.c.h; path = MASViewConstraint.h; sourceTree = "<group>"; };
		537528071F3444BC00016B9D /* MASViewConstraint.m */ = {isa = PBXFileReference; fileEncoding = 4; lastKnownFileType = sourcecode.c.objc; path = MASViewConstraint.m; sourceTree = "<group>"; };
		537528081F3444BC00016B9D /* NSArray+MASAdditions.h */ = {isa = PBXFileReference; fileEncoding = 4; lastKnownFileType = sourcecode.c.h; path = "NSArray+MASAdditions.h"; sourceTree = "<group>"; };
		537528091F3444BC00016B9D /* NSArray+MASAdditions.m */ = {isa = PBXFileReference; fileEncoding = 4; lastKnownFileType = sourcecode.c.objc; path = "NSArray+MASAdditions.m"; sourceTree = "<group>"; };
		5375280A1F3444BC00016B9D /* NSArray+MASShorthandAdditions.h */ = {isa = PBXFileReference; fileEncoding = 4; lastKnownFileType = sourcecode.c.h; path = "NSArray+MASShorthandAdditions.h"; sourceTree = "<group>"; };
		5375280B1F3444BC00016B9D /* NSLayoutConstraint+MASDebugAdditions.h */ = {isa = PBXFileReference; fileEncoding = 4; lastKnownFileType = sourcecode.c.h; path = "NSLayoutConstraint+MASDebugAdditions.h"; sourceTree = "<group>"; };
		5375280C1F3444BC00016B9D /* NSLayoutConstraint+MASDebugAdditions.m */ = {isa = PBXFileReference; fileEncoding = 4; lastKnownFileType = sourcecode.c.objc; path = "NSLayoutConstraint+MASDebugAdditions.m"; sourceTree = "<group>"; };
		5375280D1F3444BC00016B9D /* View+MASAdditions.h */ = {isa = PBXFileReference; fileEncoding = 4; lastKnownFileType = sourcecode.c.h; path = "View+MASAdditions.h"; sourceTree = "<group>"; };
		5375280E1F3444BC00016B9D /* View+MASAdditions.m */ = {isa = PBXFileReference; fileEncoding = 4; lastKnownFileType = sourcecode.c.objc; path = "View+MASAdditions.m"; sourceTree = "<group>"; };
		5375280F1F3444BC00016B9D /* View+MASShorthandAdditions.h */ = {isa = PBXFileReference; fileEncoding = 4; lastKnownFileType = sourcecode.c.h; path = "View+MASShorthandAdditions.h"; sourceTree = "<group>"; };
		537528101F3444BC00016B9D /* ViewController+MASAdditions.h */ = {isa = PBXFileReference; fileEncoding = 4; lastKnownFileType = sourcecode.c.h; path = "ViewController+MASAdditions.h"; sourceTree = "<group>"; };
		537528111F3444BC00016B9D /* ViewController+MASAdditions.m */ = {isa = PBXFileReference; fileEncoding = 4; lastKnownFileType = sourcecode.c.objc; path = "ViewController+MASAdditions.m"; sourceTree = "<group>"; };
		537528131F3444BC00016B9D /* register_guide_video.mp4 */ = {isa = PBXFileReference; lastKnownFileType = file; path = register_guide_video.mp4; sourceTree = "<group>"; };
		537528151F3444BC00016B9D /* UIScrollView+response.h */ = {isa = PBXFileReference; fileEncoding = 4; lastKnownFileType = sourcecode.c.h; path = "UIScrollView+response.h"; sourceTree = "<group>"; };
		537528161F3444BC00016B9D /* UIScrollView+response.m */ = {isa = PBXFileReference; fileEncoding = 4; lastKnownFileType = sourcecode.c.objc; path = "UIScrollView+response.m"; sourceTree = "<group>"; };
/* End PBXFileReference section */

/* Begin PBXFrameworksBuildPhase section */
		531F7FB41F344484006C92B5 /* Frameworks */ = {
			isa = PBXFrameworksBuildPhase;
			buildActionMask = 2147483647;
			files = (
			);
			runOnlyForDeploymentPostprocessing = 0;
		};
/* End PBXFrameworksBuildPhase section */

/* Begin PBXGroup section */
		531F7FAE1F344484006C92B5 = {
			isa = PBXGroup;
			children = (
				531F7FB91F344484006C92B5 /* QQLoginDemo */,
				531F7FB81F344484006C92B5 /* Products */,
			);
			sourceTree = "<group>";
		};
		531F7FB81F344484006C92B5 /* Products */ = {
			isa = PBXGroup;
			children = (
				531F7FB71F344484006C92B5 /* QQLoginDemo.app */,
			);
			name = Products;
			sourceTree = "<group>";
		};
		531F7FB91F344484006C92B5 /* QQLoginDemo */ = {
			isa = PBXGroup;
			children = (
				537527F81F3444BC00016B9D /* Masonry */,
				537528121F3444BC00016B9D /* Resource */,
				537528141F3444BC00016B9D /* UIScrollView+Response */,
				531F7FBD1F344484006C92B5 /* AppDelegate.h */,
				531F7FBE1F344484006C92B5 /* AppDelegate.m */,
				531F7FC01F344484006C92B5 /* ViewController.h */,
				531F7FC11F344484006C92B5 /* ViewController.m */,
				531F7FC31F344484006C92B5 /* Main.storyboard */,
				531F7FC61F344484006C92B5 /* Assets.xcassets */,
				531F7FC81F344484006C92B5 /* LaunchScreen.storyboard */,
				531F7FCB1F344484006C92B5 /* Info.plist */,
				531F7FBA1F344484006C92B5 /* Supporting Files */,
			);
			path = QQLoginDemo;
			sourceTree = "<group>";
		};
		531F7FBA1F344484006C92B5 /* Supporting Files */ = {
			isa = PBXGroup;
			children = (
				531F7FBB1F344484006C92B5 /* main.m */,
			);
			name = "Supporting Files";
			sourceTree = "<group>";
		};
		537527F81F3444BC00016B9D /* Masonry */ = {
			isa = PBXGroup;
			children = (
				537527F91F3444BC00016B9D /* MASCompositeConstraint.h */,
				537527FA1F3444BC00016B9D /* MASCompositeConstraint.m */,
				537527FB1F3444BC00016B9D /* MASConstraint+Private.h */,
				537527FC1F3444BC00016B9D /* MASConstraint.h */,
				537527FD1F3444BC00016B9D /* MASConstraint.m */,
				537527FE1F3444BC00016B9D /* MASConstraintMaker.h */,
				537527FF1F3444BC00016B9D /* MASConstraintMaker.m */,
				537528001F3444BC00016B9D /* MASLayoutConstraint.h */,
				537528011F3444BC00016B9D /* MASLayoutConstraint.m */,
				537528021F3444BC00016B9D /* Masonry.h */,
				537528031F3444BC00016B9D /* MASUtilities.h */,
				537528041F3444BC00016B9D /* MASViewAttribute.h */,
				537528051F3444BC00016B9D /* MASViewAttribute.m */,
				537528061F3444BC00016B9D /* MASViewConstraint.h */,
				537528071F3444BC00016B9D /* MASViewConstraint.m */,
				537528081F3444BC00016B9D /* NSArray+MASAdditions.h */,
				537528091F3444BC00016B9D /* NSArray+MASAdditions.m */,
				5375280A1F3444BC00016B9D /* NSArray+MASShorthandAdditions.h */,
				5375280B1F3444BC00016B9D /* NSLayoutConstraint+MASDebugAdditions.h */,
				5375280C1F3444BC00016B9D /* NSLayoutConstraint+MASDebugAdditions.m */,
				5375280D1F3444BC00016B9D /* View+MASAdditions.h */,
				5375280E1F3444BC00016B9D /* View+MASAdditions.m */,
				5375280F1F3444BC00016B9D /* View+MASShorthandAdditions.h */,
				537528101F3444BC00016B9D /* ViewController+MASAdditions.h */,
				537528111F3444BC00016B9D /* ViewController+MASAdditions.m */,
			);
			path = Masonry;
			sourceTree = "<group>";
		};
		537528121F3444BC00016B9D /* Resource */ = {
			isa = PBXGroup;
			children = (
				537528131F3444BC00016B9D /* register_guide_video.mp4 */,
			);
			path = Resource;
			sourceTree = "<group>";
		};
		537528141F3444BC00016B9D /* UIScrollView+Response */ = {
			isa = PBXGroup;
			children = (
				537528151F3444BC00016B9D /* UIScrollView+response.h */,
				537528161F3444BC00016B9D /* UIScrollView+response.m */,
			);
			path = "UIScrollView+Response";
			sourceTree = "<group>";
		};
/* End PBXGroup section */

/* Begin PBXNativeTarget section */
		531F7FB61F344484006C92B5 /* QQLoginDemo */ = {
			isa = PBXNativeTarget;
			buildConfigurationList = 531F7FCE1F344484006C92B5 /* Build configuration list for PBXNativeTarget "QQLoginDemo" */;
			buildPhases = (
				531F7FB31F344484006C92B5 /* Sources */,
				531F7FB41F344484006C92B5 /* Frameworks */,
				531F7FB51F344484006C92B5 /* Resources */,
			);
			buildRules = (
			);
			dependencies = (
			);
			name = QQLoginDemo;
			productName = QQLoginDemo;
			productReference = 531F7FB71F344484006C92B5 /* QQLoginDemo.app */;
			productType = "com.apple.product-type.application";
		};
/* End PBXNativeTarget section */

/* Begin PBXProject section */
		531F7FAF1F344484006C92B5 /* Project object */ = {
			isa = PBXProject;
			attributes = {
				LastUpgradeCheck = 0830;
				ORGANIZATIONNAME = wangjungang;
				TargetAttributes = {
					531F7FB61F344484006C92B5 = {
						CreatedOnToolsVersion = 8.3.3;
						DevelopmentTeam = GZJLNU22Y5;
						ProvisioningStyle = Automatic;
					};
				};
			};
			buildConfigurationList = 531F7FB21F344484006C92B5 /* Build configuration list for PBXProject "QQLoginDemo" */;
			compatibilityVersion = "Xcode 3.2";
			developmentRegion = English;
			hasScannedForEncodings = 0;
			knownRegions = (
				en,
				Base,
			);
			mainGroup = 531F7FAE1F344484006C92B5;
			productRefGroup = 531F7FB81F344484006C92B5 /* Products */;
			projectDirPath = "";
			projectRoot = "";
			targets = (
				531F7FB61F344484006C92B5 /* QQLoginDemo */,
			);
		};
/* End PBXProject section */

/* Begin PBXResourcesBuildPhase section */
		531F7FB51F344484006C92B5 /* Resources */ = {
			isa = PBXResourcesBuildPhase;
			buildActionMask = 2147483647;
			files = (
				531F7FCA1F344484006C92B5 /* LaunchScreen.storyboard in Resources */,
				531F7FC71F344484006C92B5 /* Assets.xcassets in Resources */,
				531F7FC51F344484006C92B5 /* Main.storyboard in Resources */,
				537528211F3444BC00016B9D /* register_guide_video.mp4 in Resources */,
			);
			runOnlyForDeploymentPostprocessing = 0;
		};
/* End PBXResourcesBuildPhase section */

/* Begin PBXSourcesBuildPhase section */
		531F7FB31F344484006C92B5 /* Sources */ = {
			isa = PBXSourcesBuildPhase;
			buildActionMask = 2147483647;
			files = (
				5375281E1F3444BC00016B9D /* NSLayoutConstraint+MASDebugAdditions.m in Sources */,
				5375281C1F3444BC00016B9D /* MASViewConstraint.m in Sources */,
				537528221F3444BC00016B9D /* UIScrollView+response.m in Sources */,
				537528171F3444BC00016B9D /* MASCompositeConstraint.m in Sources */,
				5375281D1F3444BC00016B9D /* NSArray+MASAdditions.m in Sources */,
				531F7FC21F344484006C92B5 /* ViewController.m in Sources */,
				531F7FBF1F344484006C92B5 /* AppDelegate.m in Sources */,
				5375281A1F3444BC00016B9D /* MASLayoutConstraint.m in Sources */,
				531F7FBC1F344484006C92B5 /* main.m in Sources */,
				537528201F3444BC00016B9D /* ViewController+MASAdditions.m in Sources */,
				5375281F1F3444BC00016B9D /* View+MASAdditions.m in Sources */,
				5375281B1F3444BC00016B9D /* MASViewAttribute.m in Sources */,
				537528181F3444BC00016B9D /* MASConstraint.m in Sources */,
				537528191F3444BC00016B9D /* MASConstraintMaker.m in Sources */,
			);
			runOnlyForDeploymentPostprocessing = 0;
		};
/* End PBXSourcesBuildPhase section */

/* Begin PBXVariantGroup section */
		531F7FC31F344484006C92B5 /* Main.storyboard */ = {
			isa = PBXVariantGroup;
			children = (
				531F7FC41F344484006C92B5 /* Base */,
			);
			name = Main.storyboard;
			sourceTree = "<group>";
		};
		531F7FC81F344484006C92B5 /* LaunchScreen.storyboard */ = {
			isa = PBXVariantGroup;
			children = (
				531F7FC91F344484006C92B5 /* Base */,
			);
			name = LaunchScreen.storyboard;
			sourceTree = "<group>";
		};
/* End PBXVariantGroup section */

/* Begin XCBuildConfiguration section */
		531F7FCC1F344484006C92B5 /* Debug */ = {
			isa = XCBuildConfiguration;
			buildSettings = {
				ALWAYS_SEARCH_USER_PATHS = NO;
				CLANG_ANALYZER_NONNULL = YES;
				CLANG_ANALYZER_NUMBER_OBJECT_CONVERSION = YES_AGGRESSIVE;
				CLANG_CXX_LANGUAGE_STANDARD = "gnu++0x";
				CLANG_CXX_LIBRARY = "libc++";
				CLANG_ENABLE_MODULES = YES;
				CLANG_ENABLE_OBJC_ARC = YES;
				CLANG_WARN_BOOL_CONVERSION = YES;
				CLANG_WARN_CONSTANT_CONVERSION = YES;
				CLANG_WARN_DIRECT_OBJC_ISA_USAGE = YES_ERROR;
				CLANG_WARN_DOCUMENTATION_COMMENTS = YES;
				CLANG_WARN_EMPTY_BODY = YES;
				CLANG_WARN_ENUM_CONVERSION = YES;
				CLANG_WARN_INFINITE_RECURSION = YES;
				CLANG_WARN_INT_CONVERSION = YES;
				CLANG_WARN_OBJC_ROOT_CLASS = YES_ERROR;
				CLANG_WARN_SUSPICIOUS_MOVE = YES;
				CLANG_WARN_UNREACHABLE_CODE = YES;
				CLANG_WARN__DUPLICATE_METHOD_MATCH = YES;
				"CODE_SIGN_IDENTITY[sdk=iphoneos*]" = "iPhone Developer";
				COPY_PHASE_STRIP = NO;
				DEBUG_INFORMATION_FORMAT = dwarf;
				ENABLE_STRICT_OBJC_MSGSEND = YES;
				ENABLE_TESTABILITY = YES;
				GCC_C_LANGUAGE_STANDARD = gnu99;
				GCC_DYNAMIC_NO_PIC = NO;
				GCC_NO_COMMON_BLOCKS = YES;
				GCC_OPTIMIZATION_LEVEL = 0;
				GCC_PREPROCESSOR_DEFINITIONS = (
					"DEBUG=1",
					"$(inherited)",
				);
				GCC_WARN_64_TO_32_BIT_CONVERSION = YES;
				GCC_WARN_ABOUT_RETURN_TYPE = YES_ERROR;
				GCC_WARN_UNDECLARED_SELECTOR = YES;
				GCC_WARN_UNINITIALIZED_AUTOS = YES_AGGRESSIVE;
				GCC_WARN_UNUSED_FUNCTION = YES;
				GCC_WARN_UNUSED_VARIABLE = YES;
				IPHONEOS_DEPLOYMENT_TARGET = 10.3;
				MTL_ENABLE_DEBUG_INFO = YES;
				ONLY_ACTIVE_ARCH = YES;
				SDKROOT = iphoneos;
				TARGETED_DEVICE_FAMILY = "1,2";
			};
			name = Debug;
		};
		531F7FCD1F344484006C92B5 /* Release */ = {
			isa = XCBuildConfiguration;
			buildSettings = {
				ALWAYS_SEARCH_USER_PATHS = NO;
				CLANG_ANALYZER_NONNULL = YES;
				CLANG_ANALYZER_NUMBER_OBJECT_CONVERSION = YES_AGGRESSIVE;
				CLANG_CXX_LANGUAGE_STANDARD = "gnu++0x";
				CLANG_CXX_LIBRARY = "libc++";
				CLANG_ENABLE_MODULES = YES;
				CLANG_ENABLE_OBJC_ARC = YES;
				CLANG_WARN_BOOL_CONVERSION = YES;
				CLANG_WARN_CONSTANT_CONVERSION = YES;
				CLANG_WARN_DIRECT_OBJC_ISA_USAGE = YES_ERROR;
				CLANG_WARN_DOCUMENTATION_COMMENTS = YES;
				CLANG_WARN_EMPTY_BODY = YES;
				CLANG_WARN_ENUM_CONVERSION = YES;
				CLANG_WARN_INFINITE_RECURSION = YES;
				CLANG_WARN_INT_CONVERSION = YES;
				CLANG_WARN_OBJC_ROOT_CLASS = YES_ERROR;
				CLANG_WARN_SUSPICIOUS_MOVE = YES;
				CLANG_WARN_UNREACHABLE_CODE = YES;
				CLANG_WARN__DUPLICATE_METHOD_MATCH = YES;
				"CODE_SIGN_IDENTITY[sdk=iphoneos*]" = "iPhone Developer";
				COPY_PHASE_STRIP = NO;
				DEBUG_INFORMATION_FORMAT = "dwarf-with-dsym";
				ENABLE_NS_ASSERTIONS = NO;
				ENABLE_STRICT_OBJC_MSGSEND = YES;
				GCC_C_LANGUAGE_STANDARD = gnu99;
				GCC_NO_COMMON_BLOCKS = YES;
				GCC_WARN_64_TO_32_BIT_CONVERSION = YES;
				GCC_WARN_ABOUT_RETURN_TYPE = YES_ERROR;
				GCC_WARN_UNDECLARED_SELECTOR = YES;
				GCC_WARN_UNINITIALIZED_AUTOS = YES_AGGRESSIVE;
				GCC_WARN_UNUSED_FUNCTION = YES;
				GCC_WARN_UNUSED_VARIABLE = YES;
				IPHONEOS_DEPLOYMENT_TARGET = 10.3;
				MTL_ENABLE_DEBUG_INFO = NO;
				SDKROOT = iphoneos;
				TARGETED_DEVICE_FAMILY = "1,2";
				VALIDATE_PRODUCT = YES;
			};
			name = Release;
		};
		531F7FCF1F344484006C92B5 /* Debug */ = {
			isa = XCBuildConfiguration;
			buildSettings = {
				ASSETCATALOG_COMPILER_APPICON_NAME = AppIcon;
				DEVELOPMENT_TEAM = GZJLNU22Y5;
				INFOPLIST_FILE = QQLoginDemo/Info.plist;
				LD_RUNPATH_SEARCH_PATHS = "$(inherited) @executable_path/Frameworks";
				PRODUCT_BUNDLE_IDENTIFIER = com.wangjungang.QQLoginDemo;
				PRODUCT_NAME = "$(TARGET_NAME)";
			};
			name = Debug;
		};
		531F7FD01F344484006C92B5 /* Release */ = {
			isa = XCBuildConfiguration;
			buildSettings = {
				ASSETCATALOG_COMPILER_APPICON_NAME = AppIcon;
				DEVELOPMENT_TEAM = GZJLNU22Y5;
				INFOPLIST_FILE = QQLoginDemo/Info.plist;
				LD_RUNPATH_SEARCH_PATHS = "$(inherited) @executable_path/Frameworks";
				PRODUCT_BUNDLE_IDENTIFIER = com.wangjungang.QQLoginDemo;
				PRODUCT_NAME = "$(TARGET_NAME)";
			};
			name = Release;
		};
/* End XCBuildConfiguration section */

/* Begin XCConfigurationList section */
		531F7FB21F344484006C92B5 /* Build configuration list for PBXProject "QQLoginDemo" */ = {
			isa = XCConfigurationList;
			buildConfigurations = (
				531F7FCC1F344484006C92B5 /* Debug */,
				531F7FCD1F344484006C92B5 /* Release */,
			);
			defaultConfigurationIsVisible = 0;
			defaultConfigurationName = Release;
		};
		531F7FCE1F344484006C92B5 /* Build configuration list for PBXNativeTarget "QQLoginDemo" */ = {
			isa = XCConfigurationList;
			buildConfigurations = (
				531F7FCF1F344484006C92B5 /* Debug */,
				531F7FD01F344484006C92B5 /* Release */,
			);
			defaultConfigurationIsVisible = 0;
			defaultConfigurationName = Release;
		};
/* End XCConfigurationList section */
	};
	rootObject = 531F7FAF1F344484006C92B5 /* Project object */;
}
